
Microsoft Visual Studio Solution File, Format Version 12.00
# Visual Studio Version 17
VisualStudioVersion = 17.8.34525.116
MinimumVisualStudioVersion = 10.0.40219.1
Project("{FAE04EC0-301F-11D3-BF4B-00C04F79EFBC}") = "SweetMagic", "SweetMagic\SweetMagic.csproj", "{71F0318A-4B7F-E91A-E9D4-78886D55CBD9}"
EndProject
Project("{E53339B2-1760-4266-BCC7-CA923CBCF16C}") = "docker-compose", "docker-compose.dcproj", "{81DDED9D-158B-E303-5F62-77A2896D2A5A}"
EndProject
Global
	GlobalSection(SolutionConfigurationPlatforms) = preSolution
		Debug|Any CPU = Debug|Any CPU
		Release|Any CPU = Release|Any CPU
	EndGlobalSection
	GlobalSection(ProjectConfigurationPlatforms) = postSolution
		{71F0318A-4B7F-E91A-E9D4-78886D55CBD9}.Debug|Any CPU.ActiveCfg = Debug|Any CPU
		{71F0318A-4B7F-E91A-E9D4-78886D55CBD9}.Debug|Any CPU.Build.0 = Debug|Any CPU
		{71F0318A-4B7F-E91A-E9D4-78886D55CBD9}.Release|Any CPU.ActiveCfg = Release|Any CPU
		{71F0318A-4B7F-E91A-E9D4-78886D55CBD9}.Release|Any CPU.Build.0 = Release|Any CPU
		{81DDED9D-158B-E303-5F62-77A2896D2A5A}.Debug|Any CPU.ActiveCfg = Debug|Any CPU
		{81DDED9D-158B-E303-5F62-77A2896D2A5A}.Debug|Any CPU.Build.0 = Debug|Any CPU
		{81DDED9D-158B-E303-5F62-77A2896D2A5A}.Release|Any CPU.ActiveCfg = Release|Any CPU
		{81DDED9D-158B-E303-5F62-77A2896D2A5A}.Release|Any CPU.Build.0 = Release|Any CPU
	EndGlobalSection
	GlobalSection(SolutionProperties) = preSolution
		HideSolutionNode = FALSE
	EndGlobalSection
	GlobalSection(ExtensibilityGlobals) = postSolution
		SolutionGuid = {9E6987DB-3E22-4F12-B6FA-8F61897D2892}
	EndGlobalSection
EndGlobal
